
Microsoft Visual Studio Solution File, Format Version 12.00
# Visual Studio Version 16
VisualStudioVersion = 16.0.29209.62
MinimumVisualStudioVersion = 10.0.40219.1
Project("{FAE04EC0-301F-11D3-BF4B-00C04F79EFBC}") = "electrika", "atest\electrika.csproj", "{A10BF2ED-EB3F-4AB0-A839-5BC1132C8A0A}"
EndProject
Global
	GlobalSection(SolutionConfigurationPlatforms) = preSolution
		Debug|Any CPU = Debug|Any CPU
		Release|Any CPU = Release|Any CPU
	EndGlobalSection
	GlobalSection(ProjectConfigurationPlatforms) = postSolution
		{A10BF2ED-EB3F-4AB0-A839-5BC1132C8A0A}.Debug|Any CPU.ActiveCfg = Debug|Any CPU
		{A10BF2ED-EB3F-4AB0-A839-5BC1132C8A0A}.Debug|Any CPU.Build.0 = Debug|Any CPU
		{A10BF2ED-EB3F-4AB0-A839-5BC1132C8A0A}.Release|Any CPU.ActiveCfg = Release|Any CPU
		{A10BF2ED-EB3F-4AB0-A839-5BC1132C8A0A}.Release|Any CPU.Build.0 = Release|Any CPU
	EndGlobalSection
	GlobalSection(SolutionProperties) = preSolution
		HideSolutionNode = FALSE
	EndGlobalSection
	GlobalSection(ExtensibilityGlobals) = postSolution
		SolutionGuid = {C6A407CE-05A5-4E34-8A00-F25BFFD5BC79}
	EndGlobalSection
EndGlobal
